
Microsoft Visual Studio Solution File, Format Version 12.00
# Visual Studio Version 17
VisualStudioVersion = 17.10.35013.160
MinimumVisualStudioVersion = 10.0.40219.1
Project("{FAE04EC0-301F-11D3-BF4B-00C04F79EFBC}") = "CollectionPart2Delegate.Lesson", "CollectionPart2Delegate.Lesson\CollectionPart2Delegate.Lesson.csproj", "{38D1108C-B233-4F99-9BE1-9B928820A66A}"
EndProject
Global
	GlobalSection(SolutionConfigurationPlatforms) = preSolution
		Debug|Any CPU = Debug|Any CPU
		Release|Any CPU = Release|Any CPU
	EndGlobalSection
	GlobalSection(ProjectConfigurationPlatforms) = postSolution
		{38D1108C-B233-4F99-9BE1-9B928820A66A}.Debug|Any CPU.ActiveCfg = Debug|Any CPU
		{38D1108C-B233-4F99-9BE1-9B928820A66A}.Debug|Any CPU.Build.0 = Debug|Any CPU
		{38D1108C-B233-4F99-9BE1-9B928820A66A}.Release|Any CPU.ActiveCfg = Release|Any CPU
		{38D1108C-B233-4F99-9BE1-9B928820A66A}.Release|Any CPU.Build.0 = Release|Any CPU
	EndGlobalSection
	GlobalSection(SolutionProperties) = preSolution
		HideSolutionNode = FALSE
	EndGlobalSection
	GlobalSection(ExtensibilityGlobals) = postSolution
		SolutionGuid = {6F5EB8CE-D7E2-42C2-8C97-01ECEA05D69A}
	EndGlobalSection
EndGlobal
