
Microsoft Visual Studio Solution File, Format Version 12.00
# Visual Studio Version 17
VisualStudioVersion = 17.10.35013.160
MinimumVisualStudioVersion = 10.0.40219.1
Project("{FAE04EC0-301F-11D3-BF4B-00C04F79EFBC}") = "StaticExtension.Lesson", "StaticExtension.Lesson\StaticExtension.Lesson.csproj", "{FE2E2CD2-6AC1-4542-B3AF-3136E643E582}"
EndProject
Project("{FAE04EC0-301F-11D3-BF4B-00C04F79EFBC}") = "StaticExtension.HomeWork", "StaticExtension.HomeWork\StaticExtension.HomeWork.csproj", "{158141C2-7585-48D9-BFFD-CCEDBF9628C0}"
EndProject
Global
	GlobalSection(SolutionConfigurationPlatforms) = preSolution
		Debug|Any CPU = Debug|Any CPU
		Release|Any CPU = Release|Any CPU
	EndGlobalSection
	GlobalSection(ProjectConfigurationPlatforms) = postSolution
		{FE2E2CD2-6AC1-4542-B3AF-3136E643E582}.Debug|Any CPU.ActiveCfg = Debug|Any CPU
		{FE2E2CD2-6AC1-4542-B3AF-3136E643E582}.Debug|Any CPU.Build.0 = Debug|Any CPU
		{FE2E2CD2-6AC1-4542-B3AF-3136E643E582}.Release|Any CPU.ActiveCfg = Release|Any CPU
		{FE2E2CD2-6AC1-4542-B3AF-3136E643E582}.Release|Any CPU.Build.0 = Release|Any CPU
		{158141C2-7585-48D9-BFFD-CCEDBF9628C0}.Debug|Any CPU.ActiveCfg = Debug|Any CPU
		{158141C2-7585-48D9-BFFD-CCEDBF9628C0}.Debug|Any CPU.Build.0 = Debug|Any CPU
		{158141C2-7585-48D9-BFFD-CCEDBF9628C0}.Release|Any CPU.ActiveCfg = Release|Any CPU
		{158141C2-7585-48D9-BFFD-CCEDBF9628C0}.Release|Any CPU.Build.0 = Release|Any CPU
	EndGlobalSection
	GlobalSection(SolutionProperties) = preSolution
		HideSolutionNode = FALSE
	EndGlobalSection
	GlobalSection(ExtensibilityGlobals) = postSolution
		SolutionGuid = {495B7865-04B6-41E2-98E0-889438E5CDD7}
	EndGlobalSection
EndGlobal
