
Microsoft Visual Studio Solution File, Format Version 12.00
# Visual Studio Version 17
VisualStudioVersion = 17.10.35013.160
MinimumVisualStudioVersion = 10.0.40219.1
Project("{FAE04EC0-301F-11D3-BF4B-00C04F79EFBC}") = "ThreadTaskExample", "ThreadTaskExample.csproj", "{199EBE4B-0D17-41DC-8AEA-B5723DCC8B7A}"
EndProject
Global
	GlobalSection(SolutionConfigurationPlatforms) = preSolution
		Debug|Any CPU = Debug|Any CPU
		Release|Any CPU = Release|Any CPU
	EndGlobalSection
	GlobalSection(ProjectConfigurationPlatforms) = postSolution
		{199EBE4B-0D17-41DC-8AEA-B5723DCC8B7A}.Debug|Any CPU.ActiveCfg = Debug|Any CPU
		{199EBE4B-0D17-41DC-8AEA-B5723DCC8B7A}.Debug|Any CPU.Build.0 = Debug|Any CPU
		{199EBE4B-0D17-41DC-8AEA-B5723DCC8B7A}.Release|Any CPU.ActiveCfg = Release|Any CPU
		{199EBE4B-0D17-41DC-8AEA-B5723DCC8B7A}.Release|Any CPU.Build.0 = Release|Any CPU
	EndGlobalSection
	GlobalSection(SolutionProperties) = preSolution
		HideSolutionNode = FALSE
	EndGlobalSection
	GlobalSection(ExtensibilityGlobals) = postSolution
		SolutionGuid = {125CE650-8ED4-4B99-B1E8-BFB5E3E8FCCB}
	EndGlobalSection
EndGlobal
