
Microsoft Visual Studio Solution File, Format Version 12.00
# Visual Studio Version 17
VisualStudioVersion = 17.10.35013.160
MinimumVisualStudioVersion = 10.0.40219.1
Project("{FAE04EC0-301F-11D3-BF4B-00C04F79EFBC}") = "MethodPractice.Homework", "MethodPractice.Homework\MethodPractice.Homework.csproj", "{C778296C-B9FE-4C25-8EDA-4FD32E65E339}"
EndProject
Project("{FAE04EC0-301F-11D3-BF4B-00C04F79EFBC}") = "MethodPractice.NewLesson", "MethodPractice.NewLesson\MethodPractice.NewLesson.csproj", "{880CB633-C8FB-4E9A-BE10-EFA4012B995D}"
EndProject
Global
	GlobalSection(SolutionConfigurationPlatforms) = preSolution
		Debug|Any CPU = Debug|Any CPU
		Release|Any CPU = Release|Any CPU
	EndGlobalSection
	GlobalSection(ProjectConfigurationPlatforms) = postSolution
		{C778296C-B9FE-4C25-8EDA-4FD32E65E339}.Debug|Any CPU.ActiveCfg = Debug|Any CPU
		{C778296C-B9FE-4C25-8EDA-4FD32E65E339}.Debug|Any CPU.Build.0 = Debug|Any CPU
		{C778296C-B9FE-4C25-8EDA-4FD32E65E339}.Release|Any CPU.ActiveCfg = Release|Any CPU
		{C778296C-B9FE-4C25-8EDA-4FD32E65E339}.Release|Any CPU.Build.0 = Release|Any CPU
		{880CB633-C8FB-4E9A-BE10-EFA4012B995D}.Debug|Any CPU.ActiveCfg = Debug|Any CPU
		{880CB633-C8FB-4E9A-BE10-EFA4012B995D}.Debug|Any CPU.Build.0 = Debug|Any CPU
		{880CB633-C8FB-4E9A-BE10-EFA4012B995D}.Release|Any CPU.ActiveCfg = Release|Any CPU
		{880CB633-C8FB-4E9A-BE10-EFA4012B995D}.Release|Any CPU.Build.0 = Release|Any CPU
	EndGlobalSection
	GlobalSection(SolutionProperties) = preSolution
		HideSolutionNode = FALSE
	EndGlobalSection
	GlobalSection(ExtensibilityGlobals) = postSolution
		SolutionGuid = {4FFADD5D-9E9B-4C14-9F3A-E25D6B5B779F}
	EndGlobalSection
EndGlobal
