
Microsoft Visual Studio Solution File, Format Version 12.00
# Visual Studio Version 17
VisualStudioVersion = 17.10.35013.160
MinimumVisualStudioVersion = 10.0.40219.1
Project("{FAE04EC0-301F-11D3-BF4B-00C04F79EFBC}") = "ClassIntro.HomeWork", "ClassIntro.HomeWork\ClassIntro.HomeWork.csproj", "{7A1A7944-70F3-4DF5-8BC9-89008E0E02A7}"
EndProject
Project("{FAE04EC0-301F-11D3-BF4B-00C04F79EFBC}") = "ClassIntro.Lesson", "ClassIntro.Lesson\ClassIntro.Lesson.csproj", "{9B84D78B-E0BC-496C-A381-BCA617259590}"
EndProject
Global
	GlobalSection(SolutionConfigurationPlatforms) = preSolution
		Debug|Any CPU = Debug|Any CPU
		Release|Any CPU = Release|Any CPU
	EndGlobalSection
	GlobalSection(ProjectConfigurationPlatforms) = postSolution
		{7A1A7944-70F3-4DF5-8BC9-89008E0E02A7}.Debug|Any CPU.ActiveCfg = Debug|Any CPU
		{7A1A7944-70F3-4DF5-8BC9-89008E0E02A7}.Debug|Any CPU.Build.0 = Debug|Any CPU
		{7A1A7944-70F3-4DF5-8BC9-89008E0E02A7}.Release|Any CPU.ActiveCfg = Release|Any CPU
		{7A1A7944-70F3-4DF5-8BC9-89008E0E02A7}.Release|Any CPU.Build.0 = Release|Any CPU
		{9B84D78B-E0BC-496C-A381-BCA617259590}.Debug|Any CPU.ActiveCfg = Debug|Any CPU
		{9B84D78B-E0BC-496C-A381-BCA617259590}.Debug|Any CPU.Build.0 = Debug|Any CPU
		{9B84D78B-E0BC-496C-A381-BCA617259590}.Release|Any CPU.ActiveCfg = Release|Any CPU
		{9B84D78B-E0BC-496C-A381-BCA617259590}.Release|Any CPU.Build.0 = Release|Any CPU
	EndGlobalSection
	GlobalSection(SolutionProperties) = preSolution
		HideSolutionNode = FALSE
	EndGlobalSection
	GlobalSection(ExtensibilityGlobals) = postSolution
		SolutionGuid = {66B87C7D-ADB7-43E6-9E5F-B7FC2D5506BA}
	EndGlobalSection
EndGlobal
