
Microsoft Visual Studio Solution File, Format Version 12.00
# Visual Studio Version 17
VisualStudioVersion = 17.10.35013.160
MinimumVisualStudioVersion = 10.0.40219.1
Project("{FAE04EC0-301F-11D3-BF4B-00C04F79EFBC}") = "AbstractClass.Lesson", "AbstractClass.Lesson\AbstractClass.Lesson.csproj", "{50462AB8-7FD6-4DCE-92F6-7C269512EC1B}"
EndProject
Project("{FAE04EC0-301F-11D3-BF4B-00C04F79EFBC}") = "AbstractClasss.HomeWork", "AbstractClasss.HomeWork\AbstractClasss.HomeWork.csproj", "{ACC87700-CEB9-45FA-B83F-2369A7B58D21}"
EndProject
Project("{FAE04EC0-301F-11D3-BF4B-00C04F79EFBC}") = "AbstractClass.Lesson2", "AbstractClass.Lesson2\AbstractClass.Lesson2.csproj", "{53BEE309-5002-44AF-B803-194DDA90E2DF}"
EndProject
Global
	GlobalSection(SolutionConfigurationPlatforms) = preSolution
		Debug|Any CPU = Debug|Any CPU
		Release|Any CPU = Release|Any CPU
	EndGlobalSection
	GlobalSection(ProjectConfigurationPlatforms) = postSolution
		{50462AB8-7FD6-4DCE-92F6-7C269512EC1B}.Debug|Any CPU.ActiveCfg = Debug|Any CPU
		{50462AB8-7FD6-4DCE-92F6-7C269512EC1B}.Debug|Any CPU.Build.0 = Debug|Any CPU
		{50462AB8-7FD6-4DCE-92F6-7C269512EC1B}.Release|Any CPU.ActiveCfg = Release|Any CPU
		{50462AB8-7FD6-4DCE-92F6-7C269512EC1B}.Release|Any CPU.Build.0 = Release|Any CPU
		{ACC87700-CEB9-45FA-B83F-2369A7B58D21}.Debug|Any CPU.ActiveCfg = Debug|Any CPU
		{ACC87700-CEB9-45FA-B83F-2369A7B58D21}.Debug|Any CPU.Build.0 = Debug|Any CPU
		{ACC87700-CEB9-45FA-B83F-2369A7B58D21}.Release|Any CPU.ActiveCfg = Release|Any CPU
		{ACC87700-CEB9-45FA-B83F-2369A7B58D21}.Release|Any CPU.Build.0 = Release|Any CPU
		{53BEE309-5002-44AF-B803-194DDA90E2DF}.Debug|Any CPU.ActiveCfg = Debug|Any CPU
		{53BEE309-5002-44AF-B803-194DDA90E2DF}.Debug|Any CPU.Build.0 = Debug|Any CPU
		{53BEE309-5002-44AF-B803-194DDA90E2DF}.Release|Any CPU.ActiveCfg = Release|Any CPU
		{53BEE309-5002-44AF-B803-194DDA90E2DF}.Release|Any CPU.Build.0 = Release|Any CPU
	EndGlobalSection
	GlobalSection(SolutionProperties) = preSolution
		HideSolutionNode = FALSE
	EndGlobalSection
	GlobalSection(ExtensibilityGlobals) = postSolution
		SolutionGuid = {864986FC-A259-4BA3-9D7D-11AE30724202}
	EndGlobalSection
EndGlobal
